{
    "_meta": {
        "hash": {
            "sha256": "b2ce422ef1a10a5c1dc853832d814dda3554d6a7a999e500705410e2d6d0ea8c"
        },
        "pipfile-spec": 6,
        "requires": {
            "python_version": "3.11"
        },
        "sources": [
            {
                "name": "pip_conf_index_global",
                "url": "https://pypi.org/simple",
                "verify_ssl": true
            }
        ]
    },
    "default": {},
    "develop": {}
}
