{
    "_meta": {
        "hash": {
            "sha256": "6c1d98707884fe4e7b481aaac2471fa1a1ef462e2affddb82c581d9b611473ce"
        },
        "pipfile-spec": 6,
        "requires": {
            "python_version": "3.11"
        },
        "sources": [
            {
                "name": "pypi",
                "url": "https://pypi.org/simple",
                "verify_ssl": true
            }
        ]
    },
    "default": {
        "click": {
            "hashes": [
                "sha256:ae74fb96c20a0277a1d615f1e4d73c8414f5a98db8b799a7931d1582f3390c28",
                "sha256:ca9853ad459e787e2192211578cc907e7594e294c7ccc834310722b41b9ca6de"
            ],
            "markers": "python_version >= '3.7'",
            "version": "==8.1.7"
        },
        "jiwer": {
            "hashes": [
                "sha256:190d8238cb0262346781267d94f74c4fc8fc5094cf215a3d5d8317fb0954b842",
                "sha256:a777f361a5a5f76012078d758e444e1da2a171fb685dad9cf8fb69181ea26ee6"
            ],
            "index": "pypi",
            "markers": "python_version >= '3.7' and python_version < '4.0'",
            "version": "==3.0.3"
        },
        "python-dotenv": {
            "hashes": [
                "sha256:a8df96034aae6d2d50a4ebe8216326c61c3eb64836776504fcca410e5937a3ba",
                "sha256:f5971a9226b701070a4bf2c38c89e5a3f0d64de8debda981d1db98583009122a"
            ],
            "index": "pypi",
            "markers": "python_version >= '3.8'",
            "version": "==1.0.0"
        },
        "python-json-logger": {
            "hashes": [
                "sha256:23e7ec02d34237c5aa1e29a070193a4ea87583bb4e7f8fd06d3de8264c4b2e1c",
                "sha256:f380b826a991ebbe3de4d897aeec42760035ac760345e57b812938dc8b35e2bd"
            ],
            "index": "pypi",
            "markers": "python_version >= '3.6'",
            "version": "==2.0.7"
        },
        "pyyaml": {
            "hashes": [
                "sha256:04ac92ad1925b2cff1db0cfebffb6ffc43457495c9b3c39d3fcae417d7125dc5",
                "sha256:062582fca9fabdd2c8b54a3ef1c978d786e0f6b3a1510e0ac93ef59e0ddae2bc",
                "sha256:0d3304d8c0adc42be59c5f8a4d9e3d7379e6955ad754aa9d6ab7a398b59dd1df",
                "sha256:1635fd110e8d85d55237ab316b5b011de701ea0f29d07611174a1b42f1444741",
                "sha256:184c5108a2aca3c5b3d3bf9395d50893a7ab82a38004c8f61c258d4428e80206",
                "sha256:18aeb1bf9a78867dc38b259769503436b7c72f7a1f1f4c93ff9a17de54319b27",
                "sha256:1d4c7e777c441b20e32f52bd377e0c409713e8bb1386e1099c2415f26e479595",
                "sha256:1e2722cc9fbb45d9b87631ac70924c11d3a401b2d7f410cc0e3bbf249f2dca62",
                "sha256:1fe35611261b29bd1de0070f0b2f47cb6ff71fa6595c077e42bd0c419fa27b98",
                "sha256:28c119d996beec18c05208a8bd78cbe4007878c6dd15091efb73a30e90539696",
                "sha256:326c013efe8048858a6d312ddd31d56e468118ad4cdeda36c719bf5bb6192290",
                "sha256:40df9b996c2b73138957fe23a16a4f0ba614f4c0efce1e9406a184b6d07fa3a9",
                "sha256:42f8152b8dbc4fe7d96729ec2b99c7097d656dc1213a3229ca5383f973a5ed6d",
                "sha256:49a183be227561de579b4a36efbb21b3eab9651dd81b1858589f796549873dd6",
                "sha256:4fb147e7a67ef577a588a0e2c17b6db51dda102c71de36f8549b6816a96e1867",
                "sha256:50550eb667afee136e9a77d6dc71ae76a44df8b3e51e41b77f6de2932bfe0f47",
                "sha256:510c9deebc5c0225e8c96813043e62b680ba2f9c50a08d3724c7f28a747d1486",
                "sha256:5773183b6446b2c99bb77e77595dd486303b4faab2b086e7b17bc6bef28865f6",
                "sha256:596106435fa6ad000c2991a98fa58eeb8656ef2325d7e158344fb33864ed87e3",
                "sha256:6965a7bc3cf88e5a1c3bd2e0b5c22f8d677dc88a455344035f03399034eb3007",
                "sha256:69b023b2b4daa7548bcfbd4aa3da05b3a74b772db9e23b982788168117739938",
                "sha256:6c22bec3fbe2524cde73d7ada88f6566758a8f7227bfbf93a408a9d86bcc12a0",
                "sha256:704219a11b772aea0d8ecd7058d0082713c3562b4e271b849ad7dc4a5c90c13c",
                "sha256:7e07cbde391ba96ab58e532ff4803f79c4129397514e1413a7dc761ccd755735",
                "sha256:81e0b275a9ecc9c0c0c07b4b90ba548307583c125f54d5b6946cfee6360c733d",
                "sha256:855fb52b0dc35af121542a76b9a84f8d1cd886ea97c84703eaa6d88e37a2ad28",
                "sha256:8d4e9c88387b0f5c7d5f281e55304de64cf7f9c0021a3525bd3b1c542da3b0e4",
                "sha256:9046c58c4395dff28dd494285c82ba00b546adfc7ef001486fbf0324bc174fba",
                "sha256:9eb6caa9a297fc2c2fb8862bc5370d0303ddba53ba97e71f08023b6cd73d16a8",
                "sha256:a0cd17c15d3bb3fa06978b4e8958dcdc6e0174ccea823003a106c7d4d7899ac5",
                "sha256:afd7e57eddb1a54f0f1a974bc4391af8bcce0b444685d936840f125cf046d5bd",
                "sha256:b1275ad35a5d18c62a7220633c913e1b42d44b46ee12554e5fd39c70a243d6a3",
                "sha256:b786eecbdf8499b9ca1d697215862083bd6d2a99965554781d0d8d1ad31e13a0",
                "sha256:ba336e390cd8e4d1739f42dfe9bb83a3cc2e80f567d8805e11b46f4a943f5515",
                "sha256:baa90d3f661d43131ca170712d903e6295d1f7a0f595074f151c0aed377c9b9c",
                "sha256:bc1bf2925a1ecd43da378f4db9e4f799775d6367bdb94671027b73b393a7c42c",
                "sha256:bd4af7373a854424dabd882decdc5579653d7868b8fb26dc7d0e99f823aa5924",
                "sha256:bf07ee2fef7014951eeb99f56f39c9bb4af143d8aa3c21b1677805985307da34",
                "sha256:bfdf460b1736c775f2ba9f6a92bca30bc2095067b8a9d77876d1fad6cc3b4a43",
                "sha256:c8098ddcc2a85b61647b2590f825f3db38891662cfc2fc776415143f599bb859",
                "sha256:d2b04aac4d386b172d5b9692e2d2da8de7bfb6c387fa4f801fbf6fb2e6ba4673",
                "sha256:d483d2cdf104e7c9fa60c544d92981f12ad66a457afae824d146093b8c294c54",
                "sha256:d858aa552c999bc8a8d57426ed01e40bef403cd8ccdd0fc5f6f04a00414cac2a",
                "sha256:e7d73685e87afe9f3b36c799222440d6cf362062f78be1013661b00c5c6f678b",
                "sha256:f003ed9ad21d6a4713f0a9b5a7a0a79e08dd0f221aff4525a2be4c346ee60aab",
                "sha256:f22ac1c3cac4dbc50079e965eba2c1058622631e526bd9afd45fedd49ba781fa",
                "sha256:faca3bdcf85b2fc05d06ff3fbc1f83e1391b3e724afa3feba7d13eeab355484c",
                "sha256:fca0e3a251908a499833aa292323f32437106001d436eca0e6e7833256674585",
                "sha256:fd1592b3fdf65fff2ad0004b5e363300ef59ced41c2e6b3a99d4089fa8c5435d",
                "sha256:fd66fc5d0da6d9815ba2cebeb4205f95818ff4b79c3ebe268e75d961704af52f"
            ],
            "index": "pypi",
            "markers": "python_version >= '3.6'",
            "version": "==6.0.1"
        },
        "rapidfuzz": {
            "hashes": [
                "sha256:01835d02acd5d95c1071e1da1bb27fe213c84a013b899aba96380ca9962364bc",
                "sha256:01eb03cd880a294d1bf1a583fdd00b87169b9cc9c9f52587411506658c864d73",
                "sha256:03f73b381bdeccb331a12c3c60f1e41943931461cdb52987f2ecf46bfc22f50d",
                "sha256:0402f1629e91a4b2e4aee68043a30191e5e1b7cd2aa8dacf50b1a1bcf6b7d3ab",
                "sha256:060bd7277dc794279fa95522af355034a29c90b42adcb7aa1da358fc839cdb11",
                "sha256:064c1d66c40b3a0f488db1f319a6e75616b2e5fe5430a59f93a9a5e40a656d15",
                "sha256:06e98ff000e2619e7cfe552d086815671ed09b6899408c2c1b5103658261f6f3",
                "sha256:08b6fb47dd889c69fbc0b915d782aaed43e025df6979b6b7f92084ba55edd526",
                "sha256:0a9fc714b8c290261669f22808913aad49553b686115ad0ee999d1cb3df0cd66",
                "sha256:0bbfae35ce4de4c574b386c43c78a0be176eeddfdae148cb2136f4605bebab89",
                "sha256:12ff8eaf4a9399eb2bebd838f16e2d1ded0955230283b07376d68947bbc2d33d",
                "sha256:1936d134b6c513fbe934aeb668b0fee1ffd4729a3c9d8d373f3e404fbb0ce8a0",
                "sha256:1c47d592e447738744905c18dda47ed155620204714e6df20eb1941bb1ba315e",
                "sha256:1dfc557c0454ad22382373ec1b7df530b4bbd974335efe97a04caec936f2956a",
                "sha256:1e12319c6b304cd4c32d5db00b7a1e36bdc66179c44c5707f6faa5a889a317c0",
                "sha256:23de71e7f05518b0bbeef55d67b5dbce3bcd3e2c81e7e533051a2e9401354eb0",
                "sha256:266dd630f12696ea7119f31d8b8e4959ef45ee2cbedae54417d71ae6f47b9848",
                "sha256:2963f4a3f763870a16ee076796be31a4a0958fbae133dbc43fc55c3968564cf5",
                "sha256:2a791168e119cfddf4b5a40470620c872812042f0621e6a293983a2d52372db0",
                "sha256:2b155e67fff215c09f130555002e42f7517d0ea72cbd58050abb83cb7c880cec",
                "sha256:2b19795b26b979c845dba407fe79d66975d520947b74a8ab6cee1d22686f7967",
                "sha256:2e03038bfa66d2d7cffa05d81c2f18fd6acbb25e7e3c068d52bb7469e07ff382",
                "sha256:3028ee8ecc48250607fa8a0adce37b56275ec3b1acaccd84aee1f68487c8557b",
                "sha256:35660bee3ce1204872574fa041c7ad7ec5175b3053a4cb6e181463fc07013de7",
                "sha256:3c772d04fb0ebeece3109d91f6122b1503023086a9591a0b63d6ee7326bd73d9",
                "sha256:3c84294f4470fcabd7830795d754d808133329e0a81d62fcc2e65886164be83b",
                "sha256:40cced1a8852652813f30fb5d4b8f9b237112a0bbaeebb0f4cc3611502556764",
                "sha256:4243a9c35667a349788461aae6471efde8d8800175b7db5148a6ab929628047f",
                "sha256:42f211e366e026de110a4246801d43a907cd1a10948082f47e8a4e6da76fef52",
                "sha256:4381023fa1ff32fd5076f5d8321249a9aa62128eb3f21d7ee6a55373e672b261",
                "sha256:484759b5dbc5559e76fefaa9170147d1254468f555fd9649aea3bad46162a88b",
                "sha256:49b9ed2472394d306d5dc967a7de48b0aab599016aa4477127b20c2ed982dbf9",
                "sha256:53251e256017e2b87f7000aee0353ba42392c442ae0bafd0f6b948593d3f68c6",
                "sha256:588c4b20fa2fae79d60a4e438cf7133d6773915df3cc0a7f1351da19eb90f720",
                "sha256:5a2f3e9df346145c2be94e4d9eeffb82fab0cbfee85bd4a06810e834fe7c03fa",
                "sha256:5d82b9651e3d34b23e4e8e201ecd3477c2baa17b638979deeabbb585bcb8ba74",
                "sha256:5dd95b6b7bfb1584f806db89e1e0c8dbb9d25a30a4683880c195cc7f197eaf0c",
                "sha256:692c9a50bea7a8537442834f9bc6b7d29d8729a5b6379df17c31b6ab4df948c2",
                "sha256:6b0ccc2ec1781c7e5370d96aef0573dd1f97335343e4982bdb3a44c133e27786",
                "sha256:6dede83a6b903e3ebcd7e8137e7ff46907ce9316e9d7e7f917d7e7cdc570ee05",
                "sha256:7142ee354e9c06e29a2636b9bbcb592bb00600a88f02aa5e70e4f230347b373e",
                "sha256:7183157edf0c982c0b8592686535c8b3e107f13904b36d85219c77be5cefd0d8",
                "sha256:7420e801b00dee4a344ae2ee10e837d603461eb180e41d063699fb7efe08faf0",
                "sha256:757dfd7392ec6346bd004f8826afb3bf01d18a723c97cbe9958c733ab1a51791",
                "sha256:76c23ceaea27e790ddd35ef88b84cf9d721806ca366199a76fd47cfc0457a81b",
                "sha256:7fec74c234d3097612ea80f2a80c60720eec34947066d33d34dc07a3092e8105",
                "sha256:82300e5f8945d601c2daaaac139d5524d7c1fdf719aa799a9439927739917460",
                "sha256:841eafba6913c4dfd53045835545ba01a41e9644e60920c65b89c8f7e60c00a9",
                "sha256:8d7a072f10ee57c8413c8ab9593086d42aaff6ee65df4aa6663eecdb7c398dca",
                "sha256:8e4da90e4c2b444d0a171d7444ea10152e07e95972bb40b834a13bdd6de1110c",
                "sha256:96cd19934f76a1264e8ecfed9d9f5291fde04ecb667faef5f33bdbfd95fe2d1f",
                "sha256:a03863714fa6936f90caa7b4b50ea59ea32bb498cc91f74dc25485b3f8fccfe9",
                "sha256:a1788ebb5f5b655a15777e654ea433d198f593230277e74d51a2a1e29a986283",
                "sha256:a3ee4f8f076aa92184e80308fc1a079ac356b99c39408fa422bbd00145be9854",
                "sha256:a490cd645ef9d8524090551016f05f052e416c8adb2d8b85d35c9baa9d0428ab",
                "sha256:a553cc1a80d97459d587529cc43a4c7c5ecf835f572b671107692fe9eddf3e24",
                "sha256:a59472b43879012b90989603aa5a6937a869a72723b1bf2ff1a0d1edee2cc8e6",
                "sha256:ac434fc71edda30d45db4a92ba5e7a42c7405e1a54cb4ec01d03cc668c6dcd40",
                "sha256:ad9d74ef7c619b5b0577e909582a1928d93e07d271af18ba43e428dc3512c2a1",
                "sha256:ae598a172e3a95df3383634589660d6b170cc1336fe7578115c584a99e0ba64d",
                "sha256:b2ef4c0fd3256e357b70591ffb9e8ed1d439fb1f481ba03016e751a55261d7c1",
                "sha256:b3e5af946f419c30f5cb98b69d40997fe8580efe78fc83c2f0f25b60d0e56efb",
                "sha256:b53137d81e770c82189e07a8f32722d9e4260f13a0aec9914029206ead38cac3",
                "sha256:b7e3375e4f2bfec77f907680328e4cd16cc64e137c84b1886d547ab340ba6928",
                "sha256:bcc957c0a8bde8007f1a8a413a632a1a409890f31f73fe764ef4eac55f59ca87",
                "sha256:be156f51f3a4f369e758505ed4ae64ea88900dcb2f89d5aabb5752676d3f3d7e",
                "sha256:be368573255f8fbb0125a78330a1a40c65e9ba3c5ad129a426ff4289099bfb41",
                "sha256:c1a23eee225dfb21c07f25c9fcf23eb055d0056b48e740fe241cbb4b22284379",
                "sha256:c65f92881753aa1098c77818e2b04a95048f30edbe9c3094dc3707d67df4598b",
                "sha256:ca3dfcf74f2b6962f411c33dd95b0adf3901266e770da6281bc96bb5a8b20de9",
                "sha256:cd4ba4c18b149da11e7f1b3584813159f189dc20833709de5f3df8b1342a9759",
                "sha256:d056e342989248d2bdd67f1955bb7c3b0ecfa239d8f67a8dfe6477b30872c607",
                "sha256:d2f0274595cc5b2b929c80d4e71b35041104b577e118cf789b3fe0a77b37a4c5",
                "sha256:d73dcfe789d37c6c8b108bf1e203e027714a239e50ad55572ced3c004424ed3b",
                "sha256:d79aec8aeee02ab55d0ddb33cea3ecd7b69813a48e423c966a26d7aab025cdfe",
                "sha256:da3e8c9f7e64bb17faefda085ff6862ecb3ad8b79b0f618a6cf4452028aa2222",
                "sha256:dad55a514868dae4543ca48c4e1fc0fac704ead038dafedf8f1fc0cc263746c1",
                "sha256:dec307b57ec2d5054d77d03ee4f654afcd2c18aee00c48014cb70bfed79597d6",
                "sha256:e06c4242a1354cf9d48ee01f6f4e6e19c511d50bb1e8d7d20bcadbb83a2aea90",
                "sha256:e19d519386e9db4a5335a4b29f25b8183a1c3f78cecb4c9c3112e7f86470e37f",
                "sha256:e49b9575d16c56c696bc7b06a06bf0c3d4ef01e89137b3ddd4e2ce709af9fe06",
                "sha256:ebcfb5bfd0a733514352cfc94224faad8791e576a80ffe2fd40b2177bf0e7198",
                "sha256:ed0f712e0bb5fea327e92aec8a937afd07ba8de4c529735d82e4c4124c10d5a0",
                "sha256:edf97c321fd641fea2793abce0e48fa4f91f3c202092672f8b5b4e781960b891",
                "sha256:eef8b346ab331bec12bbc83ac75641249e6167fab3d84d8f5ca37fd8e6c7a08c",
                "sha256:f056ba42fd2f32e06b2c2ba2443594873cfccc0c90c8b6327904fc2ddf6d5799",
                "sha256:f382f7ffe384ce34345e1c0b2065451267d3453cadde78946fbd99a59f0cc23c",
                "sha256:f59d19078cc332dbdf3b7b210852ba1f5db8c0a2cd8cc4c0ed84cc00c76e6802",
                "sha256:fbc07e2e4ac696497c5f66ec35c21ddab3fc7a406640bffed64c26ab2f7ce6d6",
                "sha256:fde9b14302a31af7bdafbf5cfbb100201ba21519be2b9dedcf4f1048e4fbe65d"
            ],
            "markers": "python_version >= '3.8'",
            "version": "==3.6.1"
        }
    },
    "develop": {
        "attrs": {
            "hashes": [
                "sha256:935dc3b529c262f6cf76e50877d35a4bd3c1de194fd41f47a2b7ae8f19971f30",
                "sha256:99b87a485a5820b23b879f04c2305b44b951b502fd64be915879d77a7e8fc6f1"
            ],
            "markers": "python_version >= '3.7'",
            "version": "==23.2.0"
        },
        "black": {
            "hashes": [
                "sha256:0808494f2b2df923ffc5723ed3c7b096bd76341f6213989759287611e9837d50",
                "sha256:1fa88a0f74e50e4487477bc0bb900c6781dbddfdfa32691e780bf854c3b4a47f",
                "sha256:25e57fd232a6d6ff3f4478a6fd0580838e47c93c83eaf1ccc92d4faf27112c4e",
                "sha256:2d9e13db441c509a3763a7a3d9a49ccc1b4e974a47be4e08ade2a228876500ec",
                "sha256:3e1b38b3135fd4c025c28c55ddfc236b05af657828a8a6abe5deec419a0b7055",
                "sha256:3fa4be75ef2a6b96ea8d92b1587dd8cb3a35c7e3d51f0738ced0781c3aa3a5a3",
                "sha256:4ce3ef14ebe8d9509188014d96af1c456a910d5b5cbf434a09fef7e024b3d0d5",
                "sha256:4f0031eaa7b921db76decd73636ef3a12c942ed367d8c3841a0739412b260a54",
                "sha256:602cfb1196dc692424c70b6507593a2b29aac0547c1be9a1d1365f0d964c353b",
                "sha256:6d1bd9c210f8b109b1762ec9fd36592fdd528485aadb3f5849b2740ef17e674e",
                "sha256:78baad24af0f033958cad29731e27363183e140962595def56423e626f4bee3e",
                "sha256:8d4df77958a622f9b5a4c96edb4b8c0034f8434032ab11077ec6c56ae9f384ba",
                "sha256:97e56155c6b737854e60a9ab1c598ff2533d57e7506d97af5481141671abf3ea",
                "sha256:9c4352800f14be5b4864016882cdba10755bd50805c95f728011bcb47a4afd59",
                "sha256:a4d6a9668e45ad99d2f8ec70d5c8c04ef4f32f648ef39048d010b0689832ec6d",
                "sha256:a920b569dc6b3472513ba6ddea21f440d4b4c699494d2e972a1753cdc25df7b0",
                "sha256:ae76c22bde5cbb6bfd211ec343ded2163bba7883c7bc77f6b756a1049436fbb9",
                "sha256:b18fb2ae6c4bb63eebe5be6bd869ba2f14fd0259bda7d18a46b764d8fb86298a",
                "sha256:c04b6d9d20e9c13f43eee8ea87d44156b8505ca8a3c878773f68b4e4812a421e",
                "sha256:c88b3711d12905b74206227109272673edce0cb29f27e1385f33b0163c414bba",
                "sha256:dd15245c8b68fe2b6bd0f32c1556509d11bb33aec9b5d0866dd8e2ed3dba09c2",
                "sha256:e0aaf6041986767a5e0ce663c7a2f0e9eaf21e6ff87a5f95cbf3675bfd4c41d2"
            ],
            "index": "pypi",
            "markers": "python_version >= '3.8'",
            "version": "==23.12.1"
        },
        "click": {
            "hashes": [
                "sha256:ae74fb96c20a0277a1d615f1e4d73c8414f5a98db8b799a7931d1582f3390c28",
                "sha256:ca9853ad459e787e2192211578cc907e7594e294c7ccc834310722b41b9ca6de"
            ],
            "markers": "python_version >= '3.7'",
            "version": "==8.1.7"
        },
        "flake8": {
            "hashes": [
                "sha256:33f96621059e65eec474169085dc92bf26e7b2d47366b70be2f67ab80dc25132",
                "sha256:a6dfbb75e03252917f2473ea9653f7cd799c3064e54d4c8140044c5c065f53c3"
            ],
            "index": "pypi",
            "markers": "python_full_version >= '3.8.1'",
            "version": "==7.0.0"
        },
        "flake8-2020": {
            "hashes": [
                "sha256:094ea95e8b614c3bd123fd4f007be28ec117ca57a6169903d4baaabe78e3e590",
                "sha256:59b6b8ac01cde10ef11b31a2c9aa15b4509d828ae115ee5be34464b9e4de4ea6"
            ],
            "index": "pypi",
            "markers": "python_version >= '3.8'",
            "version": "==1.8.1"
        },
        "flake8-bugbear": {
            "hashes": [
                "sha256:32b2903e22331ae04885dae25756a32a8c666c85142e933f43512a70f342052a",
                "sha256:83324bad4d90fee4bf64dd69c61aff94debf8073fbd807c8b6a36eec7a2f0719"
            ],
            "index": "pypi",
            "markers": "python_full_version >= '3.8.1'",
            "version": "==23.12.2"
        },
        "iniconfig": {
            "hashes": [
                "sha256:2d91e135bf72d31a410b17c16da610a82cb55f6b0477d1a902134b24a455b8b3",
                "sha256:b6a85871a79d2e3b22d2d1b94ac2824226a63c6b741c88f7ae975f18b6778374"
            ],
            "markers": "python_version >= '3.7'",
            "version": "==2.0.0"
        },
        "mccabe": {
            "hashes": [
                "sha256:348e0240c33b60bbdf4e523192ef919f28cb2c3d7d5c7794f74009290f236325",
                "sha256:6c2d30ab6be0e4a46919781807b4f0d834ebdd6c6e3dca0bda5a15f863427b6e"
            ],
            "markers": "python_version >= '3.6'",
            "version": "==0.7.0"
        },
        "mypy-extensions": {
            "hashes": [
                "sha256:4392f6c0eb8a5668a69e23d168ffa70f0be9ccfd32b5cc2d26a34ae5b844552d",
                "sha256:75dbf8955dc00442a438fc4d0666508a9a97b6bd41aa2f0ffe9d2f2725af0782"
            ],
            "markers": "python_version >= '3.5'",
            "version": "==1.0.0"
        },
        "packaging": {
            "hashes": [
                "sha256:048fb0e9405036518eaaf48a55953c750c11e1a1b68e0dd1a9d62ed0c092cfc5",
                "sha256:8c491190033a9af7e1d931d0b5dacc2ef47509b34dd0de67ed209b5203fc88c7"
            ],
            "markers": "python_version >= '3.7'",
            "version": "==23.2"
        },
        "pathspec": {
            "hashes": [
                "sha256:a0d503e138a4c123b27490a4f7beda6a01c6f288df0e4a8b79c7eb0dc7b4cc08",
                "sha256:a482d51503a1ab33b1c67a6c3813a26953dbdc71c31dacaef9a838c4e29f5712"
            ],
            "markers": "python_version >= '3.8'",
            "version": "==0.12.1"
        },
        "platformdirs": {
            "hashes": [
                "sha256:11c8f37bcca40db96d8144522d925583bdb7a31f7b0e37e3ed4318400a8e2380",
                "sha256:906d548203468492d432bcb294d4bc2fff751bf84971fbb2c10918cc206ee420"
            ],
            "markers": "python_version >= '3.8'",
            "version": "==4.1.0"
        },
        "pluggy": {
            "hashes": [
                "sha256:cf61ae8f126ac6f7c451172cf30e3e43d3ca77615509771b3a984a0730651e12",
                "sha256:d89c696a773f8bd377d18e5ecda92b7a3793cbe66c87060a6fb58c7b6e1061f7"
            ],
            "markers": "python_version >= '3.8'",
            "version": "==1.3.0"
        },
        "pycodestyle": {
            "hashes": [
                "sha256:41ba0e7afc9752dfb53ced5489e89f8186be00e599e712660695b7a75ff2663f",
                "sha256:44fe31000b2d866f2e41841b18528a505fbd7fef9017b04eff4e2648a0fadc67"
            ],
            "markers": "python_version >= '3.8'",
            "version": "==2.11.1"
        },
        "pyflakes": {
            "hashes": [
                "sha256:1c61603ff154621fb2a9172037d84dca3500def8c8b630657d1701f026f8af3f",
                "sha256:84b5be138a2dfbb40689ca07e2152deb896a65c3a3e24c251c5c62489568074a"
            ],
            "markers": "python_version >= '3.8'",
            "version": "==3.2.0"
        },
        "pytest": {
            "hashes": [
                "sha256:2cf0005922c6ace4a3e2ec8b4080eb0d9753fdc93107415332f50ce9e7994280",
                "sha256:b090cdf5ed60bf4c45261be03239c2c1c22df034fbffe691abe93cd80cea01d8"
            ],
            "index": "pypi",
            "markers": "python_version >= '3.7'",
            "version": "==7.4.4"
        }
    }
}
